// !$*UTF8*$!
{
	archiveVersion = 1;
	classes = {
	};
	objectVersion = 55;
	objects = {

/* Begin PBXBuildFile section */
		3280245B27C69E2B00C91960 /* AppDelegate.swift in Sources */ = {isa = PBXBuildFile; fileRef = 3280245A27C69E2B00C91960 /* AppDelegate.swift */; };
		3280245D27C69E2B00C91960 /* SceneDelegate.swift in Sources */ = {isa = PBXBuildFile; fileRef = 3280245C27C69E2B00C91960 /* SceneDelegate.swift */; };
		3280246227C69E2B00C91960 /* Main.storyboard in Resources */ = {isa = PBXBuildFile; fileRef = 3280246027C69E2B00C91960 /* Main.storyboard */; };
		3280246427C69E2D00C91960 /* Assets.xcassets in Resources */ = {isa = PBXBuildFile; fileRef = 3280246327C69E2D00C91960 /* Assets.xcassets */; };
		3280246727C69E2D00C91960 /* LaunchScreen.storyboard in Resources */ = {isa = PBXBuildFile; fileRef = 3280246527C69E2D00C91960 /* LaunchScreen.storyboard */; };
		3280247527C6A35A00C91960 /* Post.swift in Sources */ = {isa = PBXBuildFile; fileRef = 3280247427C6A35A00C91960 /* Post.swift */; };
		3280247727C6A5D200C91960 /* PostController.swift in Sources */ = {isa = PBXBuildFile; fileRef = 3280247627C6A5D200C91960 /* PostController.swift */; };
		3280247A27C6A6D500C91960 /* PostError.swift in Sources */ = {isa = PBXBuildFile; fileRef = 3280247927C6A6D500C91960 /* PostError.swift */; };
		3280247C27C6B44D00C91960 /* PostListTableViewController.swift in Sources */ = {isa = PBXBuildFile; fileRef = 3280247B27C6B44D00C91960 /* PostListTableViewController.swift */; };
		3280247E27C6B7A200C91960 /* PostTableViewCell.swift in Sources */ = {isa = PBXBuildFile; fileRef = 3280247D27C6B7A200C91960 /* PostTableViewCell.swift */; };
/* End PBXBuildFile section */

/* Begin PBXFileReference section */
		3280245727C69E2B00C91960 /* Reddit.app */ = {isa = PBXFileReference; explicitFileType = wrapper.application; includeInIndex = 0; path = Reddit.app; sourceTree = BUILT_PRODUCTS_DIR; };
		3280245A27C69E2B00C91960 /* AppDelegate.swift */ = {isa = PBXFileReference; lastKnownFileType = sourcecode.swift; path = AppDelegate.swift; sourceTree = "<group>"; };
		3280245C27C69E2B00C91960 /* SceneDelegate.swift */ = {isa = PBXFileReference; lastKnownFileType = sourcecode.swift; path = SceneDelegate.swift; sourceTree = "<group>"; };
		3280246127C69E2B00C91960 /* Base */ = {isa = PBXFileReference; lastKnownFileType = file.storyboard; name = Base; path = Base.lproj/Main.storyboard; sourceTree = "<group>"; };
		3280246327C69E2D00C91960 /* Assets.xcassets */ = {isa = PBXFileReference; lastKnownFileType = folder.assetcatalog; path = Assets.xcassets; sourceTree = "<group>"; };
		3280246627C69E2D00C91960 /* Base */ = {isa = PBXFileReference; lastKnownFileType = file.storyboard; name = Base; path = Base.lproj/LaunchScreen.storyboard; sourceTree = "<group>"; };
		3280246827C69E2D00C91960 /* Info.plist */ = {isa = PBXFileReference; lastKnownFileType = text.plist.xml; path = Info.plist; sourceTree = "<group>"; };
		3280247427C6A35A00C91960 /* Post.swift */ = {isa = PBXFileReference; lastKnownFileType = sourcecode.swift; path = Post.swift; sourceTree = "<group>"; };
		3280247627C6A5D200C91960 /* PostController.swift */ = {isa = PBXFileReference; lastKnownFileType = sourcecode.swift; path = PostController.swift; sourceTree = "<group>"; };
		3280247927C6A6D500C91960 /* PostError.swift */ = {isa = PBXFileReference; lastKnownFileType = sourcecode.swift; path = PostError.swift; sourceTree = "<group>"; };
		3280247B27C6B44D00C91960 /* PostListTableViewController.swift */ = {isa = PBXFileReference; lastKnownFileType = sourcecode.swift; path = PostListTableViewController.swift; sourceTree = "<group>"; };
		3280247D27C6B7A200C91960 /* PostTableViewCell.swift */ = {isa = PBXFileReference; lastKnownFileType = sourcecode.swift; path = PostTableViewCell.swift; sourceTree = "<group>"; };
/* End PBXFileReference section */

/* Begin PBXFrameworksBuildPhase section */
		3280245427C69E2B00C91960 /* Frameworks */ = {
			isa = PBXFrameworksBuildPhase;
			buildActionMask = 2147483647;
			files = (
			);
			runOnlyForDeploymentPostprocessing = 0;
		};
/* End PBXFrameworksBuildPhase section */

/* Begin PBXGroup section */
		3280244E27C69E2B00C91960 = {
			isa = PBXGroup;
			children = (
				3280245927C69E2B00C91960 /* Reddit */,
				3280245827C69E2B00C91960 /* Products */,
			);
			sourceTree = "<group>";
		};
		3280245827C69E2B00C91960 /* Products */ = {
			isa = PBXGroup;
			children = (
				3280245727C69E2B00C91960 /* Reddit.app */,
			);
			name = Products;
			sourceTree = "<group>";
		};
		3280245927C69E2B00C91960 /* Reddit */ = {
			isa = PBXGroup;
			children = (
				3280247027C69E8000C91960 /* Controllers */,
				3280247227C69E9B00C91960 /* Model */,
				3280246E27C69E4B00C91960 /* Resources */,
				3280247827C6A6C100C91960 /* Helpers */,
				3280246F27C69E5700C91960 /* Storyboards */,
				3280247D27C6B7A200C91960 /* PostTableViewCell.swift */,
			);
			path = Reddit;
			sourceTree = "<group>";
		};
		3280246E27C69E4B00C91960 /* Resources */ = {
			isa = PBXGroup;
			children = (
				3280245A27C69E2B00C91960 /* AppDelegate.swift */,
				3280245C27C69E2B00C91960 /* SceneDelegate.swift */,
				3280246327C69E2D00C91960 /* Assets.xcassets */,
				3280246827C69E2D00C91960 /* Info.plist */,
			);
			path = Resources;
			sourceTree = "<group>";
		};
		3280246F27C69E5700C91960 /* Storyboards */ = {
			isa = PBXGroup;
			children = (
				3280246027C69E2B00C91960 /* Main.storyboard */,
				3280246527C69E2D00C91960 /* LaunchScreen.storyboard */,
			);
			path = Storyboards;
			sourceTree = "<group>";
		};
		3280247027C69E8000C91960 /* Controllers */ = {
			isa = PBXGroup;
			children = (
				3280247327C69EA500C91960 /* ModelControllers */,
				3280247127C69E8700C91960 /* ViewControllers */,
			);
			path = Controllers;
			sourceTree = "<group>";
		};
		3280247127C69E8700C91960 /* ViewControllers */ = {
			isa = PBXGroup;
			children = (
				3280247B27C6B44D00C91960 /* PostListTableViewController.swift */,
			);
			path = ViewControllers;
			sourceTree = "<group>";
		};
		3280247227C69E9B00C91960 /* Model */ = {
			isa = PBXGroup;
			children = (
				3280247427C6A35A00C91960 /* Post.swift */,
			);
			path = Model;
			sourceTree = "<group>";
		};
		3280247327C69EA500C91960 /* ModelControllers */ = {
			isa = PBXGroup;
			children = (
				3280247627C6A5D200C91960 /* PostController.swift */,
			);
			path = ModelControllers;
			sourceTree = "<group>";
		};
		3280247827C6A6C100C91960 /* Helpers */ = {
			isa = PBXGroup;
			children = (
				3280247927C6A6D500C91960 /* PostError.swift */,
			);
			path = Helpers;
			sourceTree = "<group>";
		};
/* End PBXGroup section */

/* Begin PBXNativeTarget section */
		3280245627C69E2B00C91960 /* Reddit */ = {
			isa = PBXNativeTarget;
			buildConfigurationList = 3280246B27C69E2D00C91960 /* Build configuration list for PBXNativeTarget "Reddit" */;
			buildPhases = (
				3280245327C69E2B00C91960 /* Sources */,
				3280245427C69E2B00C91960 /* Frameworks */,
				3280245527C69E2B00C91960 /* Resources */,
			);
			buildRules = (
			);
			dependencies = (
			);
			name = Reddit;
			productName = Reddit;
			productReference = 3280245727C69E2B00C91960 /* Reddit.app */;
			productType = "com.apple.product-type.application";
		};
/* End PBXNativeTarget section */

/* Begin PBXProject section */
		3280244F27C69E2B00C91960 /* Project object */ = {
			isa = PBXProject;
			attributes = {
				BuildIndependentTargetsInParallel = 1;
				LastSwiftUpdateCheck = 1300;
				LastUpgradeCheck = 1300;
				TargetAttributes = {
					3280245627C69E2B00C91960 = {
						CreatedOnToolsVersion = 13.0;
					};
				};
			};
			buildConfigurationList = 3280245227C69E2B00C91960 /* Build configuration list for PBXProject "Reddit" */;
			compatibilityVersion = "Xcode 13.0";
			developmentRegion = en;
			hasScannedForEncodings = 0;
			knownRegions = (
				en,
				Base,
			);
			mainGroup = 3280244E27C69E2B00C91960;
			productRefGroup = 3280245827C69E2B00C91960 /* Products */;
			projectDirPath = "";
			projectRoot = "";
			targets = (
				3280245627C69E2B00C91960 /* Reddit */,
			);
		};
/* End PBXProject section */

/* Begin PBXResourcesBuildPhase section */
		3280245527C69E2B00C91960 /* Resources */ = {
			isa = PBXResourcesBuildPhase;
			buildActionMask = 2147483647;
			files = (
				3280246727C69E2D00C91960 /* LaunchScreen.storyboard in Resources */,
				3280246427C69E2D00C91960 /* Assets.xcassets in Resources */,
				3280246227C69E2B00C91960 /* Main.storyboard in Resources */,
			);
			runOnlyForDeploymentPostprocessing = 0;
		};
/* End PBXResourcesBuildPhase section */

/* Begin PBXSourcesBuildPhase section */
		3280245327C69E2B00C91960 /* Sources */ = {
			isa = PBXSourcesBuildPhase;
			buildActionMask = 2147483647;
			files = (
				3280247E27C6B7A200C91960 /* PostTableViewCell.swift in Sources */,
				3280247A27C6A6D500C91960 /* PostError.swift in Sources */,
				3280247527C6A35A00C91960 /* Post.swift in Sources */,
				3280247727C6A5D200C91960 /* PostController.swift in Sources */,
				3280247C27C6B44D00C91960 /* PostListTableViewController.swift in Sources */,
				3280245B27C69E2B00C91960 /* AppDelegate.swift in Sources */,
				3280245D27C69E2B00C91960 /* SceneDelegate.swift in Sources */,
			);
			runOnlyForDeploymentPostprocessing = 0;
		};
/* End PBXSourcesBuildPhase section */

/* Begin PBXVariantGroup section */
		3280246027C69E2B00C91960 /* Main.storyboard */ = {
			isa = PBXVariantGroup;
			children = (
				3280246127C69E2B00C91960 /* Base */,
			);
			name = Main.storyboard;
			sourceTree = "<group>";
		};
		3280246527C69E2D00C91960 /* LaunchScreen.storyboard */ = {
			isa = PBXVariantGroup;
			children = (
				3280246627C69E2D00C91960 /* Base */,
			);
			name = LaunchScreen.storyboard;
			sourceTree = "<group>";
		};
/* End PBXVariantGroup section */

/* Begin XCBuildConfiguration section */
		3280246927C69E2D00C91960 /* Debug */ = {
			isa = XCBuildConfiguration;
			buildSettings = {
				ALWAYS_SEARCH_USER_PATHS = NO;
				CLANG_ANALYZER_NONNULL = YES;
				CLANG_ANALYZER_NUMBER_OBJECT_CONVERSION = YES_AGGRESSIVE;
				CLANG_CXX_LANGUAGE_STANDARD = "gnu++17";
				CLANG_CXX_LIBRARY = "libc++";
				CLANG_ENABLE_MODULES = YES;
				CLANG_ENABLE_OBJC_ARC = YES;
				CLANG_ENABLE_OBJC_WEAK = YES;
				CLANG_WARN_BLOCK_CAPTURE_AUTORELEASING = YES;
				CLANG_WARN_BOOL_CONVERSION = YES;
				CLANG_WARN_COMMA = YES;
				CLANG_WARN_CONSTANT_CONVERSION = YES;
				CLANG_WARN_DEPRECATED_OBJC_IMPLEMENTATIONS = YES;
				CLANG_WARN_DIRECT_OBJC_ISA_USAGE = YES_ERROR;
				CLANG_WARN_DOCUMENTATION_COMMENTS = YES;
				CLANG_WARN_EMPTY_BODY = YES;
				CLANG_WARN_ENUM_CONVERSION = YES;
				CLANG_WARN_INFINITE_RECURSION = YES;
				CLANG_WARN_INT_CONVERSION = YES;
				CLANG_WARN_NON_LITERAL_NULL_CONVERSION = YES;
				CLANG_WARN_OBJC_IMPLICIT_RETAIN_SELF = YES;
				CLANG_WARN_OBJC_LITERAL_CONVERSION = YES;
				CLANG_WARN_OBJC_ROOT_CLASS = YES_ERROR;
				CLANG_WARN_QUOTED_INCLUDE_IN_FRAMEWORK_HEADER = YES;
				CLANG_WARN_RANGE_LOOP_ANALYSIS = YES;
				CLANG_WARN_STRICT_PROTOTYPES = YES;
				CLANG_WARN_SUSPICIOUS_MOVE = YES;
				CLANG_WARN_UNGUARDED_AVAILABILITY = YES_AGGRESSIVE;
				CLANG_WARN_UNREACHABLE_CODE = YES;
				CLANG_WARN__DUPLICATE_METHOD_MATCH = YES;
				COPY_PHASE_STRIP = NO;
				DEBUG_INFORMATION_FORMAT = dwarf;
				ENABLE_STRICT_OBJC_MSGSEND = YES;
				ENABLE_TESTABILITY = YES;
				GCC_C_LANGUAGE_STANDARD = gnu11;
				GCC_DYNAMIC_NO_PIC = NO;
				GCC_NO_COMMON_BLOCKS = YES;
				GCC_OPTIMIZATION_LEVEL = 0;
				GCC_PREPROCESSOR_DEFINITIONS = (
					"DEBUG=1",
					"$(inherited)",
				);
				GCC_WARN_64_TO_32_BIT_CONVERSION = YES;
				GCC_WARN_ABOUT_RETURN_TYPE = YES_ERROR;
				GCC_WARN_UNDECLARED_SELECTOR = YES;
				GCC_WARN_UNINITIALIZED_AUTOS = YES_AGGRESSIVE;
				GCC_WARN_UNUSED_FUNCTION = YES;
				GCC_WARN_UNUSED_VARIABLE = YES;
				IPHONEOS_DEPLOYMENT_TARGET = 15.0;
				MTL_ENABLE_DEBUG_INFO = INCLUDE_SOURCE;
				MTL_FAST_MATH = YES;
				ONLY_ACTIVE_ARCH = YES;
				SDKROOT = iphoneos;
				SWIFT_ACTIVE_COMPILATION_CONDITIONS = DEBUG;
				SWIFT_OPTIMIZATION_LEVEL = "-Onone";
			};
			name = Debug;
		};
		3280246A27C69E2D00C91960 /* Release */ = {
			isa = XCBuildConfiguration;
			buildSettings = {
				ALWAYS_SEARCH_USER_PATHS = NO;
				CLANG_ANALYZER_NONNULL = YES;
				CLANG_ANALYZER_NUMBER_OBJECT_CONVERSION = YES_AGGRESSIVE;
				CLANG_CXX_LANGUAGE_STANDARD = "gnu++17";
				CLANG_CXX_LIBRARY = "libc++";
				CLANG_ENABLE_MODULES = YES;
				CLANG_ENABLE_OBJC_ARC = YES;
				CLANG_ENABLE_OBJC_WEAK = YES;
				CLANG_WARN_BLOCK_CAPTURE_AUTORELEASING = YES;
				CLANG_WARN_BOOL_CONVERSION = YES;
				CLANG_WARN_COMMA = YES;
				CLANG_WARN_CONSTANT_CONVERSION = YES;
				CLANG_WARN_DEPRECATED_OBJC_IMPLEMENTATIONS = YES;
				CLANG_WARN_DIRECT_OBJC_ISA_USAGE = YES_ERROR;
				CLANG_WARN_DOCUMENTATION_COMMENTS = YES;
				CLANG_WARN_EMPTY_BODY = YES;
				CLANG_WARN_ENUM_CONVERSION = YES;
				CLANG_WARN_INFINITE_RECURSION = YES;
				CLANG_WARN_INT_CONVERSION = YES;
				CLANG_WARN_NON_LITERAL_NULL_CONVERSION = YES;
				CLANG_WARN_OBJC_IMPLICIT_RETAIN_SELF = YES;
				CLANG_WARN_OBJC_LITERAL_CONVERSION = YES;
				CLANG_WARN_OBJC_ROOT_CLASS = YES_ERROR;
				CLANG_WARN_QUOTED_INCLUDE_IN_FRAMEWORK_HEADER = YES;
				CLANG_WARN_RANGE_LOOP_ANALYSIS = YES;
				CLANG_WARN_STRICT_PROTOTYPES = YES;
				CLANG_WARN_SUSPICIOUS_MOVE = YES;
				CLANG_WARN_UNGUARDED_AVAILABILITY = YES_AGGRESSIVE;
				CLANG_WARN_UNREACHABLE_CODE = YES;
				CLANG_WARN__DUPLICATE_METHOD_MATCH = YES;
				COPY_PHASE_STRIP = NO;
				DEBUG_INFORMATION_FORMAT = "dwarf-with-dsym";
				ENABLE_NS_ASSERTIONS = NO;
				ENABLE_STRICT_OBJC_MSGSEND = YES;
				GCC_C_LANGUAGE_STANDARD = gnu11;
				GCC_NO_COMMON_BLOCKS = YES;
				GCC_WARN_64_TO_32_BIT_CONVERSION = YES;
				GCC_WARN_ABOUT_RETURN_TYPE = YES_ERROR;
				GCC_WARN_UNDECLARED_SELECTOR = YES;
				GCC_WARN_UNINITIALIZED_AUTOS = YES_AGGRESSIVE;
				GCC_WARN_UNUSED_FUNCTION = YES;
				GCC_WARN_UNUSED_VARIABLE = YES;
				IPHONEOS_DEPLOYMENT_TARGET = 15.0;
				MTL_ENABLE_DEBUG_INFO = NO;
				MTL_FAST_MATH = YES;
				SDKROOT = iphoneos;
				SWIFT_COMPILATION_MODE = wholemodule;
				SWIFT_OPTIMIZATION_LEVEL = "-O";
				VALIDATE_PRODUCT = YES;
			};
			name = Release;
		};
		3280246C27C69E2D00C91960 /* Debug */ = {
			isa = XCBuildConfiguration;
			buildSettings = {
				ASSETCATALOG_COMPILER_APPICON_NAME = AppIcon;
				ASSETCATALOG_COMPILER_GLOBAL_ACCENT_COLOR_NAME = AccentColor;
				CODE_SIGN_STYLE = Automatic;
				CURRENT_PROJECT_VERSION = 1;
				GENERATE_INFOPLIST_FILE = YES;
				INFOPLIST_FILE = Reddit/Resources/Info.plist;
				INFOPLIST_KEY_UIApplicationSupportsIndirectInputEvents = YES;
				INFOPLIST_KEY_UILaunchStoryboardName = LaunchScreen;
				INFOPLIST_KEY_UIMainStoryboardFile = Main;
				INFOPLIST_KEY_UISupportedInterfaceOrientations_iPad = "UIInterfaceOrientationPortrait UIInterfaceOrientationPortraitUpsideDown UIInterfaceOrientationLandscapeLeft UIInterfaceOrientationLandscapeRight";
				INFOPLIST_KEY_UISupportedInterfaceOrientations_iPhone = "UIInterfaceOrientationPortrait UIInterfaceOrientationLandscapeLeft UIInterfaceOrientationLandscapeRight";
				LD_RUNPATH_SEARCH_PATHS = (
					"$(inherited)",
					"@executable_path/Frameworks",
				);
				MARKETING_VERSION = 1.0;
				PRODUCT_BUNDLE_IDENTIFIER = Emily.Reddit;
				PRODUCT_NAME = "$(TARGET_NAME)";
				SWIFT_EMIT_LOC_STRINGS = YES;
				SWIFT_VERSION = 5.0;
				TARGETED_DEVICE_FAMILY = "1,2";
			};
			name = Debug;
		};
		3280246D27C69E2D00C91960 /* Release */ = {
			isa = XCBuildConfiguration;
			buildSettings = {
				ASSETCATALOG_COMPILER_APPICON_NAME = AppIcon;
				ASSETCATALOG_COMPILER_GLOBAL_ACCENT_COLOR_NAME = AccentColor;
				CODE_SIGN_STYLE = Automatic;
				CURRENT_PROJECT_VERSION = 1;
				GENERATE_INFOPLIST_FILE = YES;
				INFOPLIST_FILE = Reddit/Resources/Info.plist;
				INFOPLIST_KEY_UIApplicationSupportsIndirectInputEvents = YES;
				INFOPLIST_KEY_UILaunchStoryboardName = LaunchScreen;
				INFOPLIST_KEY_UIMainStoryboardFile = Main;
				INFOPLIST_KEY_UISupportedInterfaceOrientations_iPad = "UIInterfaceOrientationPortrait UIInterfaceOrientationPortraitUpsideDown UIInterfaceOrientationLandscapeLeft UIInterfaceOrientationLandscapeRight";
				INFOPLIST_KEY_UISupportedInterfaceOrientations_iPhone = "UIInterfaceOrientationPortrait UIInterfaceOrientationLandscapeLeft UIInterfaceOrientationLandscapeRight";
				LD_RUNPATH_SEARCH_PATHS = (
					"$(inherited)",
					"@executable_path/Frameworks",
				);
				MARKETING_VERSION = 1.0;
				PRODUCT_BUNDLE_IDENTIFIER = Emily.Reddit;
				PRODUCT_NAME = "$(TARGET_NAME)";
				SWIFT_EMIT_LOC_STRINGS = YES;
				SWIFT_VERSION = 5.0;
				TARGETED_DEVICE_FAMILY = "1,2";
			};
			name = Release;
		};
/* End XCBuildConfiguration section */

/* Begin XCConfigurationList section */
		3280245227C69E2B00C91960 /* Build configuration list for PBXProject "Reddit" */ = {
			isa = XCConfigurationList;
			buildConfigurations = (
				3280246927C69E2D00C91960 /* Debug */,
				3280246A27C69E2D00C91960 /* Release */,
			);
			defaultConfigurationIsVisible = 0;
			defaultConfigurationName = Release;
		};
		3280246B27C69E2D00C91960 /* Build configuration list for PBXNativeTarget "Reddit" */ = {
			isa = XCConfigurationList;
			buildConfigurations = (
				3280246C27C69E2D00C91960 /* Debug */,
				3280246D27C69E2D00C91960 /* Release */,
			);
			defaultConfigurationIsVisible = 0;
			defaultConfigurationName = Release;
		};
/* End XCConfigurationList section */
	};
	rootObject = 3280244F27C69E2B00C91960 /* Project object */;
}
